
Microsoft Visual Studio Solution File, Format Version 12.00
# Visual Studio Version 17
VisualStudioVersion = 17.7.34024.191
MinimumVisualStudioVersion = 10.0.40219.1
Project("{FAE04EC0-301F-11D3-BF4B-00C04F79EFBC}") = "Mvc_Odev", "Mvc_Odev\Mvc_Odev.csproj", "{2E437C1D-76CF-40DB-AC3A-E5A619F21864}"
EndProject
Global
	GlobalSection(SolutionConfigurationPlatforms) = preSolution
		Debug|Any CPU = Debug|Any CPU
		Release|Any CPU = Release|Any CPU
	EndGlobalSection
	GlobalSection(ProjectConfigurationPlatforms) = postSolution
		{2E437C1D-76CF-40DB-AC3A-E5A619F21864}.Debug|Any CPU.ActiveCfg = Debug|Any CPU
		{2E437C1D-76CF-40DB-AC3A-E5A619F21864}.Debug|Any CPU.Build.0 = Debug|Any CPU
		{2E437C1D-76CF-40DB-AC3A-E5A619F21864}.Release|Any CPU.ActiveCfg = Release|Any CPU
		{2E437C1D-76CF-40DB-AC3A-E5A619F21864}.Release|Any CPU.Build.0 = Release|Any CPU
	EndGlobalSection
	GlobalSection(SolutionProperties) = preSolution
		HideSolutionNode = FALSE
	EndGlobalSection
	GlobalSection(ExtensibilityGlobals) = postSolution
		SolutionGuid = {207B9502-BA57-4B11-BFD7-7EE6B81BFF57}
	EndGlobalSection
EndGlobal
